
Microsoft Visual Studio Solution File, Format Version 12.00
# Visual Studio Version 17
VisualStudioVersion = 17.11.35312.102
MinimumVisualStudioVersion = 10.0.40219.1
Project("{C9674DCB-5085-4A16-B785-4C70DD1589BD}") = "Proje-1", "Proje-1\Proje-1.dtproj", "{0F3B9895-68AB-43BA-B043-FABEA3AC8D48}"
EndProject
Global
	GlobalSection(SolutionConfigurationPlatforms) = preSolution
		Development|Default = Development|Default
	EndGlobalSection
	GlobalSection(ProjectConfigurationPlatforms) = postSolution
		{0F3B9895-68AB-43BA-B043-FABEA3AC8D48}.Development|Default.ActiveCfg = Development
		{0F3B9895-68AB-43BA-B043-FABEA3AC8D48}.Development|Default.Build.0 = Development
	EndGlobalSection
	GlobalSection(SolutionProperties) = preSolution
		HideSolutionNode = FALSE
	EndGlobalSection
	GlobalSection(ExtensibilityGlobals) = postSolution
		SolutionGuid = {CBD9A587-2E79-4885-BCE7-04C4C1A0FE7C}
	EndGlobalSection
EndGlobal
